
Microsoft Visual Studio Solution File, Format Version 12.00
# Visual Studio 14
VisualStudioVersion = 14.0.25123.0
MinimumVisualStudioVersion = 10.0.40219.1
Project("{2150E333-8FDC-42A3-9474-1A3956D46DE8}") = "API", "API", "{3DB50FF5-7B21-42D0-8731-1AFFD994E2A6}"
EndProject
Project("{2150E333-8FDC-42A3-9474-1A3956D46DE8}") = "Front End", "Front End", "{1348E964-2E2B-422E-B56E-2F9FA5FE9B74}"
EndProject
Project("{2150E333-8FDC-42A3-9474-1A3956D46DE8}") = "Módulos", "Módulos", "{CB305D32-E62C-425B-AE6B-5A8505731273}"
EndProject
Project("{2150E333-8FDC-42A3-9474-1A3956D46DE8}") = "Global", "Global", "{67471BF6-535F-4FE2-AA7A-790AB3AAF506}"
EndProject
Project("{FAE04EC0-301F-11D3-BF4B-00C04F79EFBC}") = "FAN.ERP.API", "API\FAN.ERP.API\FAN.ERP.API.csproj", "{F6D5092D-AD3C-4C97-BD3B-2AA41CC5D2F9}"
EndProject
Project("{FAE04EC0-301F-11D3-BF4B-00C04F79EFBC}") = "FAN.ERP.FE.WebPage", "Front End\FAN.ERP.FE.WebPage\FAN.ERP.FE.WebPage.csproj", "{5131E12D-66C6-48EE-A85A-9AE8B6AC430F}"
EndProject
Project("{FAE04EC0-301F-11D3-BF4B-00C04F79EFBC}") = "FAN.ERP.Global.SharedKernel", "Global\FAN.ERP.Global.SharedKernel\FAN.ERP.Global.SharedKernel.csproj", "{54BEAB5A-F713-498C-88D2-3C09277B4840}"
EndProject
Project("{2150E333-8FDC-42A3-9474-1A3956D46DE8}") = "Gestão - Funcionários", "Gestão - Funcionários", "{88CF7742-62BA-4FBD-B721-3BEE85EAAE87}"
EndProject
Project("{2150E333-8FDC-42A3-9474-1A3956D46DE8}") = "Gestão - Usuários", "Gestão - Usuários", "{C1912C62-80EC-46C9-9033-839B4383A285}"
EndProject
Project("{2150E333-8FDC-42A3-9474-1A3956D46DE8}") = "Gestão - Financeiro", "Gestão - Financeiro", "{4ACB3068-B356-45DE-9C1E-501BBBA3D81E}"
EndProject
Project("{FAE04EC0-301F-11D3-BF4B-00C04F79EFBC}") = "FAN.ERP.GFunc.Core", "Modulos\Gestao Funcionario\FAN.ERP.GFunc.Core\FAN.ERP.GFunc.Core.csproj", "{4F175984-0933-482D-9E76-108274F5B834}"
EndProject
Project("{FAE04EC0-301F-11D3-BF4B-00C04F79EFBC}") = "FAN.ERP.GFin.Core", "Modulos\Gestao Financeiro\FAN.ERP.GFin.Core\FAN.ERP.GFin.Core.csproj", "{91550EE1-3B13-4D96-8DE8-365BE5BDB668}"
EndProject
Project("{FAE04EC0-301F-11D3-BF4B-00C04F79EFBC}") = "FAN.ERP.GUser.Core", "Modulos\Gestao Usuario\FAN.ERP.GUser.Core\FAN.ERP.GUser.Core.csproj", "{FFB8078D-42DE-47C9-892D-D29960421238}"
EndProject
Global
	GlobalSection(SolutionConfigurationPlatforms) = preSolution
		Debug|Any CPU = Debug|Any CPU
		Release|Any CPU = Release|Any CPU
	EndGlobalSection
	GlobalSection(ProjectConfigurationPlatforms) = postSolution
		{F6D5092D-AD3C-4C97-BD3B-2AA41CC5D2F9}.Debug|Any CPU.ActiveCfg = Debug|Any CPU
		{F6D5092D-AD3C-4C97-BD3B-2AA41CC5D2F9}.Debug|Any CPU.Build.0 = Debug|Any CPU
		{F6D5092D-AD3C-4C97-BD3B-2AA41CC5D2F9}.Release|Any CPU.ActiveCfg = Release|Any CPU
		{F6D5092D-AD3C-4C97-BD3B-2AA41CC5D2F9}.Release|Any CPU.Build.0 = Release|Any CPU
		{5131E12D-66C6-48EE-A85A-9AE8B6AC430F}.Debug|Any CPU.ActiveCfg = Debug|Any CPU
		{5131E12D-66C6-48EE-A85A-9AE8B6AC430F}.Debug|Any CPU.Build.0 = Debug|Any CPU
		{5131E12D-66C6-48EE-A85A-9AE8B6AC430F}.Release|Any CPU.ActiveCfg = Release|Any CPU
		{5131E12D-66C6-48EE-A85A-9AE8B6AC430F}.Release|Any CPU.Build.0 = Release|Any CPU
		{54BEAB5A-F713-498C-88D2-3C09277B4840}.Debug|Any CPU.ActiveCfg = Debug|Any CPU
		{54BEAB5A-F713-498C-88D2-3C09277B4840}.Debug|Any CPU.Build.0 = Debug|Any CPU
		{54BEAB5A-F713-498C-88D2-3C09277B4840}.Release|Any CPU.ActiveCfg = Release|Any CPU
		{54BEAB5A-F713-498C-88D2-3C09277B4840}.Release|Any CPU.Build.0 = Release|Any CPU
		{4F175984-0933-482D-9E76-108274F5B834}.Debug|Any CPU.ActiveCfg = Debug|Any CPU
		{4F175984-0933-482D-9E76-108274F5B834}.Debug|Any CPU.Build.0 = Debug|Any CPU
		{4F175984-0933-482D-9E76-108274F5B834}.Release|Any CPU.ActiveCfg = Release|Any CPU
		{4F175984-0933-482D-9E76-108274F5B834}.Release|Any CPU.Build.0 = Release|Any CPU
		{91550EE1-3B13-4D96-8DE8-365BE5BDB668}.Debug|Any CPU.ActiveCfg = Debug|Any CPU
		{91550EE1-3B13-4D96-8DE8-365BE5BDB668}.Debug|Any CPU.Build.0 = Debug|Any CPU
		{91550EE1-3B13-4D96-8DE8-365BE5BDB668}.Release|Any CPU.ActiveCfg = Release|Any CPU
		{91550EE1-3B13-4D96-8DE8-365BE5BDB668}.Release|Any CPU.Build.0 = Release|Any CPU
		{FFB8078D-42DE-47C9-892D-D29960421238}.Debug|Any CPU.ActiveCfg = Debug|Any CPU
		{FFB8078D-42DE-47C9-892D-D29960421238}.Debug|Any CPU.Build.0 = Debug|Any CPU
		{FFB8078D-42DE-47C9-892D-D29960421238}.Release|Any CPU.ActiveCfg = Release|Any CPU
		{FFB8078D-42DE-47C9-892D-D29960421238}.Release|Any CPU.Build.0 = Release|Any CPU
	EndGlobalSection
	GlobalSection(SolutionProperties) = preSolution
		HideSolutionNode = FALSE
	EndGlobalSection
	GlobalSection(NestedProjects) = preSolution
		{F6D5092D-AD3C-4C97-BD3B-2AA41CC5D2F9} = {3DB50FF5-7B21-42D0-8731-1AFFD994E2A6}
		{5131E12D-66C6-48EE-A85A-9AE8B6AC430F} = {1348E964-2E2B-422E-B56E-2F9FA5FE9B74}
		{54BEAB5A-F713-498C-88D2-3C09277B4840} = {67471BF6-535F-4FE2-AA7A-790AB3AAF506}
		{88CF7742-62BA-4FBD-B721-3BEE85EAAE87} = {CB305D32-E62C-425B-AE6B-5A8505731273}
		{C1912C62-80EC-46C9-9033-839B4383A285} = {CB305D32-E62C-425B-AE6B-5A8505731273}
		{4ACB3068-B356-45DE-9C1E-501BBBA3D81E} = {CB305D32-E62C-425B-AE6B-5A8505731273}
		{4F175984-0933-482D-9E76-108274F5B834} = {88CF7742-62BA-4FBD-B721-3BEE85EAAE87}
		{91550EE1-3B13-4D96-8DE8-365BE5BDB668} = {4ACB3068-B356-45DE-9C1E-501BBBA3D81E}
		{FFB8078D-42DE-47C9-892D-D29960421238} = {C1912C62-80EC-46C9-9033-839B4383A285}
	EndGlobalSection
EndGlobal
